
Microsoft Visual Studio Solution File, Format Version 12.00
# Visual Studio Express 15 for Windows Desktop
VisualStudioVersion = 15.0.27130.2036
MinimumVisualStudioVersion = 10.0.40219.1
Project("{8BC9CEB8-8B4A-11D0-8D11-00A0C91BC942}") = "vs_wrapper2xx", "vs_wrapper2xx.vcxproj", "{327115BD-FD8F-42B5-8BF6-4FE9030BF713}"
EndProject
Global
	GlobalSection(SolutionConfigurationPlatforms) = preSolution
		Debug|x64 = Debug|x64
		Debug|x86 = Debug|x86
		Release|x64 = Release|x64
		Release|x86 = Release|x86
	EndGlobalSection
	GlobalSection(ProjectConfigurationPlatforms) = postSolution
		{327115BD-FD8F-42B5-8BF6-4FE9030BF713}.Debug|x64.ActiveCfg = Debug|x64
		{327115BD-FD8F-42B5-8BF6-4FE9030BF713}.Debug|x64.Build.0 = Debug|x64
		{327115BD-FD8F-42B5-8BF6-4FE9030BF713}.Debug|x86.ActiveCfg = Debug|Win32
		{327115BD-FD8F-42B5-8BF6-4FE9030BF713}.Debug|x86.Build.0 = Debug|Win32
		{327115BD-FD8F-42B5-8BF6-4FE9030BF713}.Release|x64.ActiveCfg = Release|x64
		{327115BD-FD8F-42B5-8BF6-4FE9030BF713}.Release|x64.Build.0 = Release|x64
		{327115BD-FD8F-42B5-8BF6-4FE9030BF713}.Release|x86.ActiveCfg = Release|Win32
		{327115BD-FD8F-42B5-8BF6-4FE9030BF713}.Release|x86.Build.0 = Release|Win32
	EndGlobalSection
	GlobalSection(SolutionProperties) = preSolution
		HideSolutionNode = FALSE
	EndGlobalSection
	GlobalSection(ExtensibilityGlobals) = postSolution
		SolutionGuid = {0E493B92-4C09-4AB8-ADA0-6F6602D09915}
	EndGlobalSection
EndGlobal
